
Microsoft Visual Studio Solution File, Format Version 12.00
# Visual Studio 15
VisualStudioVersion = 15.0.27703.2000
MinimumVisualStudioVersion = 10.0.40219.1
Project("{FAE04EC0-301F-11D3-BF4B-00C04F79EFBC}") = "BookingEnginePMS", "BookingEnginePMS\BookingEnginePMS.csproj", "{0ED8CBEB-667C-4632-9763-20997E288057}"
EndProject
Global
	GlobalSection(SolutionConfigurationPlatforms) = preSolution
		Debug|Any CPU = Debug|Any CPU
		Release|Any CPU = Release|Any CPU
	EndGlobalSection
	GlobalSection(ProjectConfigurationPlatforms) = postSolution
		{0ED8CBEB-667C-4632-9763-20997E288057}.Debug|Any CPU.ActiveCfg = Debug|Any CPU
		{0ED8CBEB-667C-4632-9763-20997E288057}.Debug|Any CPU.Build.0 = Debug|Any CPU
		{0ED8CBEB-667C-4632-9763-20997E288057}.Release|Any CPU.ActiveCfg = Release|Any CPU
		{0ED8CBEB-667C-4632-9763-20997E288057}.Release|Any CPU.Build.0 = Release|Any CPU
	EndGlobalSection
	GlobalSection(SolutionProperties) = preSolution
		HideSolutionNode = FALSE
	EndGlobalSection
	GlobalSection(ExtensibilityGlobals) = postSolution
		SolutionGuid = {87B5E317-BD14-4FD2-A554-4FDB094FE41E}
	EndGlobalSection
	GlobalSection(TeamFoundationVersionControl) = preSolution
		SccNumberOfProjects = 2
		SccEnterpriseProvider = {4CA58AB2-18FA-4F8D-95D4-32DDF27D184C}
		SccTeamFoundationServer = https://dev.azure.com/congngheiit
		SccLocalPath0 = .
		SccProjectUniqueName1 = BookingEnginePMS\\BookingEnginePMS.csproj
		SccProjectName1 = BookingEnginePMS
		SccLocalPath1 = BookingEnginePMS
	EndGlobalSection
EndGlobal
